
Microsoft Visual Studio Solution File, Format Version 12.00
# Visual Studio Version 17
VisualStudioVersion = 17.13.35919.96 d17.13
MinimumVisualStudioVersion = 10.0.40219.1
Project("{FAE04EC0-301F-11D3-BF4B-00C04F79EFBC}") = "Local DataBase", "Local DataBase.csproj", "{06B56BBB-1531-4024-80E5-9A0037A4F93B}"
EndProject
Global
	GlobalSection(SolutionConfigurationPlatforms) = preSolution
		Debug|Any CPU = Debug|Any CPU
		Release|Any CPU = Release|Any CPU
	EndGlobalSection
	GlobalSection(ProjectConfigurationPlatforms) = postSolution
		{06B56BBB-1531-4024-80E5-9A0037A4F93B}.Debug|Any CPU.ActiveCfg = Debug|Any CPU
		{06B56BBB-1531-4024-80E5-9A0037A4F93B}.Debug|Any CPU.Build.0 = Debug|Any CPU
		{06B56BBB-1531-4024-80E5-9A0037A4F93B}.Release|Any CPU.ActiveCfg = Release|Any CPU
		{06B56BBB-1531-4024-80E5-9A0037A4F93B}.Release|Any CPU.Build.0 = Release|Any CPU
	EndGlobalSection
	GlobalSection(SolutionProperties) = preSolution
		HideSolutionNode = FALSE
	EndGlobalSection
	GlobalSection(ExtensibilityGlobals) = postSolution
		SolutionGuid = {2EC7D873-B930-46DB-AB2F-2A63E169B9B6}
	EndGlobalSection
EndGlobal
